
Microsoft Visual Studio Solution File, Format Version 11.00
# Visual Studio 2010
Project("{FAE04EC0-301F-11D3-BF4B-00C04F79EFBC}") = "hydraweb", "hydraweb\hydraweb.csproj", "{D267A0ED-4749-46A4-91D3-F6855A15747F}"
EndProject
Project("{FAE04EC0-301F-11D3-BF4B-00C04F79EFBC}") = "hydra.unittest", "hydra.unittest\hydra.unittest.csproj", "{9B81DE7C-6CFB-47A0-9CA2-5E88A8CDEBD0}"
EndProject
Global
	GlobalSection(SolutionConfigurationPlatforms) = preSolution
		Debug|Any CPU = Debug|Any CPU
		Release|Any CPU = Release|Any CPU
	EndGlobalSection
	GlobalSection(ProjectConfigurationPlatforms) = postSolution
		{D267A0ED-4749-46A4-91D3-F6855A15747F}.Debug|Any CPU.ActiveCfg = Debug|Any CPU
		{D267A0ED-4749-46A4-91D3-F6855A15747F}.Debug|Any CPU.Build.0 = Debug|Any CPU
		{D267A0ED-4749-46A4-91D3-F6855A15747F}.Release|Any CPU.ActiveCfg = Release|Any CPU
		{D267A0ED-4749-46A4-91D3-F6855A15747F}.Release|Any CPU.Build.0 = Release|Any CPU
		{9B81DE7C-6CFB-47A0-9CA2-5E88A8CDEBD0}.Debug|Any CPU.ActiveCfg = Debug|Any CPU
		{9B81DE7C-6CFB-47A0-9CA2-5E88A8CDEBD0}.Debug|Any CPU.Build.0 = Debug|Any CPU
		{9B81DE7C-6CFB-47A0-9CA2-5E88A8CDEBD0}.Release|Any CPU.ActiveCfg = Release|Any CPU
		{9B81DE7C-6CFB-47A0-9CA2-5E88A8CDEBD0}.Release|Any CPU.Build.0 = Release|Any CPU
	EndGlobalSection
	GlobalSection(SolutionProperties) = preSolution
		HideSolutionNode = FALSE
	EndGlobalSection
EndGlobal
